
Microsoft Visual Studio Solution File, Format Version 12.00
# Visual Studio Version 17
VisualStudioVersion = 17.8.34511.84
MinimumVisualStudioVersion = 10.0.40219.1
Project("{FAE04EC0-301F-11D3-BF4B-00C04F79EFBC}") = "GeeksForLess_TestProject", "GeeksForLess_TestProject\GeeksForLess_TestProject.csproj", "{73373899-854F-4BF5-8E44-625C82821C2B}"
EndProject
Global
	GlobalSection(SolutionConfigurationPlatforms) = preSolution
		Debug|Any CPU = Debug|Any CPU
		Release|Any CPU = Release|Any CPU
	EndGlobalSection
	GlobalSection(ProjectConfigurationPlatforms) = postSolution
		{73373899-854F-4BF5-8E44-625C82821C2B}.Debug|Any CPU.ActiveCfg = Debug|Any CPU
		{73373899-854F-4BF5-8E44-625C82821C2B}.Debug|Any CPU.Build.0 = Debug|Any CPU
		{73373899-854F-4BF5-8E44-625C82821C2B}.Release|Any CPU.ActiveCfg = Release|Any CPU
		{73373899-854F-4BF5-8E44-625C82821C2B}.Release|Any CPU.Build.0 = Release|Any CPU
	EndGlobalSection
	GlobalSection(SolutionProperties) = preSolution
		HideSolutionNode = FALSE
	EndGlobalSection
	GlobalSection(ExtensibilityGlobals) = postSolution
		SolutionGuid = {52DD53A7-0951-4D24-8B84-4D75E09BC6E3}
	EndGlobalSection
EndGlobal
